// !$*UTF8*$!
{
	archiveVersion = 1;
	classes = {
	};
	objectVersion = 46;
	objects = {

/* Begin PBXBuildFile section */
		918FAC3E259EEAC2797531F0 /* Pods_Snap_.framework in Frameworks */ = {isa = PBXBuildFile; fileRef = AECBD8354A52E9EF94482365 /* Pods_Snap_.framework */; };
		AC01FBE91EC781530096659A /* User.swift in Sources */ = {isa = PBXBuildFile; fileRef = AC01FBE81EC781530096659A /* User.swift */; };
		AC18C62A1ED0C9F400D39ACF /* ViewSnapViewController.swift in Sources */ = {isa = PBXBuildFile; fileRef = AC18C6291ED0C9F400D39ACF /* ViewSnapViewController.swift */; };
		AC2FF2311EBD375D003FED72 /* AppDelegate.swift in Sources */ = {isa = PBXBuildFile; fileRef = AC2FF2301EBD375D003FED72 /* AppDelegate.swift */; };
		AC2FF2331EBD375D003FED72 /* SignInViewController.swift in Sources */ = {isa = PBXBuildFile; fileRef = AC2FF2321EBD375D003FED72 /* SignInViewController.swift */; };
		AC2FF2361EBD375D003FED72 /* Main.storyboard in Resources */ = {isa = PBXBuildFile; fileRef = AC2FF2341EBD375D003FED72 /* Main.storyboard */; };
		AC2FF2381EBD375D003FED72 /* Assets.xcassets in Resources */ = {isa = PBXBuildFile; fileRef = AC2FF2371EBD375D003FED72 /* Assets.xcassets */; };
		AC2FF23B1EBD375D003FED72 /* LaunchScreen.storyboard in Resources */ = {isa = PBXBuildFile; fileRef = AC2FF2391EBD375D003FED72 /* LaunchScreen.storyboard */; };
		AC2FF24A1EBD6CCD003FED72 /* GoogleService-Info.plist in Resources */ = {isa = PBXBuildFile; fileRef = AC2FF2491EBD6CCD003FED72 /* GoogleService-Info.plist */; };
		AC2FF24C1EBD74C3003FED72 /* SnapsViewController.swift in Sources */ = {isa = PBXBuildFile; fileRef = AC2FF24B1EBD74C3003FED72 /* SnapsViewController.swift */; };
		AC2FF24E1EBD7A72003FED72 /* PictureViewController.swift in Sources */ = {isa = PBXBuildFile; fileRef = AC2FF24D1EBD7A72003FED72 /* PictureViewController.swift */; };
		AC2FF2501EBD7E6C003FED72 /* Screen Shot 2017-03-18 at 3.08.30 PM.png in Resources */ = {isa = PBXBuildFile; fileRef = AC2FF24F1EBD7E6C003FED72 /* Screen Shot 2017-03-18 at 3.08.30 PM.png */; };
		AC2FF2521EC03F46003FED72 /* SelectUserViewController.swift in Sources */ = {isa = PBXBuildFile; fileRef = AC2FF2511EC03F46003FED72 /* SelectUserViewController.swift */; };
		ACB224F31ECA791A00201DBD /* Snap.swift in Sources */ = {isa = PBXBuildFile; fileRef = ACB224F21ECA791A00201DBD /* Snap.swift */; };
/* End PBXBuildFile section */

/* Begin PBXFileReference section */
		9B0988363E8F8497DA38F12D /* Pods-Snap!.debug.xcconfig */ = {isa = PBXFileReference; includeInIndex = 1; lastKnownFileType = text.xcconfig; name = "Pods-Snap!.debug.xcconfig"; path = "Pods/Target Support Files/Pods-Snap!/Pods-Snap!.debug.xcconfig"; sourceTree = "<group>"; };
		AC01FBE81EC781530096659A /* User.swift */ = {isa = PBXFileReference; fileEncoding = 4; lastKnownFileType = sourcecode.swift; path = User.swift; sourceTree = "<group>"; };
		AC18C6291ED0C9F400D39ACF /* ViewSnapViewController.swift */ = {isa = PBXFileReference; fileEncoding = 4; lastKnownFileType = sourcecode.swift; path = ViewSnapViewController.swift; sourceTree = "<group>"; };
		AC2FF22D1EBD375D003FED72 /* Snap!.app */ = {isa = PBXFileReference; explicitFileType = wrapper.application; includeInIndex = 0; path = "Snap!.app"; sourceTree = BUILT_PRODUCTS_DIR; };
		AC2FF2301EBD375D003FED72 /* AppDelegate.swift */ = {isa = PBXFileReference; lastKnownFileType = sourcecode.swift; path = AppDelegate.swift; sourceTree = "<group>"; };
		AC2FF2321EBD375D003FED72 /* SignInViewController.swift */ = {isa = PBXFileReference; lastKnownFileType = sourcecode.swift; path = SignInViewController.swift; sourceTree = "<group>"; };
		AC2FF2351EBD375D003FED72 /* Base */ = {isa = PBXFileReference; lastKnownFileType = file.storyboard; name = Base; path = Base.lproj/Main.storyboard; sourceTree = "<group>"; };
		AC2FF2371EBD375D003FED72 /* Assets.xcassets */ = {isa = PBXFileReference; lastKnownFileType = folder.assetcatalog; path = Assets.xcassets; sourceTree = "<group>"; };
		AC2FF23A1EBD375D003FED72 /* Base */ = {isa = PBXFileReference; lastKnownFileType = file.storyboard; name = Base; path = Base.lproj/LaunchScreen.storyboard; sourceTree = "<group>"; };
		AC2FF23C1EBD375D003FED72 /* Info.plist */ = {isa = PBXFileReference; lastKnownFileType = text.plist.xml; path = Info.plist; sourceTree = "<group>"; };
		AC2FF2441EBD5AE7003FED72 /* Snap!.entitlements */ = {isa = PBXFileReference; lastKnownFileType = text.plist.entitlements; path = "Snap!.entitlements"; sourceTree = "<group>"; };
		AC2FF2491EBD6CCD003FED72 /* GoogleService-Info.plist */ = {isa = PBXFileReference; fileEncoding = 4; lastKnownFileType = text.plist.xml; path = "GoogleService-Info.plist"; sourceTree = "<group>"; };
		AC2FF24B1EBD74C3003FED72 /* SnapsViewController.swift */ = {isa = PBXFileReference; fileEncoding = 4; lastKnownFileType = sourcecode.swift; path = SnapsViewController.swift; sourceTree = "<group>"; };
		AC2FF24D1EBD7A72003FED72 /* PictureViewController.swift */ = {isa = PBXFileReference; fileEncoding = 4; lastKnownFileType = sourcecode.swift; path = PictureViewController.swift; sourceTree = "<group>"; };
		AC2FF24F1EBD7E6C003FED72 /* Screen Shot 2017-03-18 at 3.08.30 PM.png */ = {isa = PBXFileReference; lastKnownFileType = image.png; path = "Screen Shot 2017-03-18 at 3.08.30 PM.png"; sourceTree = "<group>"; };
		AC2FF2511EC03F46003FED72 /* SelectUserViewController.swift */ = {isa = PBXFileReference; fileEncoding = 4; lastKnownFileType = sourcecode.swift; path = SelectUserViewController.swift; sourceTree = "<group>"; };
		ACB224F21ECA791A00201DBD /* Snap.swift */ = {isa = PBXFileReference; fileEncoding = 4; lastKnownFileType = sourcecode.swift; path = Snap.swift; sourceTree = "<group>"; };
		AECBD8354A52E9EF94482365 /* Pods_Snap_.framework */ = {isa = PBXFileReference; explicitFileType = wrapper.framework; includeInIndex = 0; path = Pods_Snap_.framework; sourceTree = BUILT_PRODUCTS_DIR; };
		EF91A6C991A2AB1A5A9730A3 /* Pods-Snap!.release.xcconfig */ = {isa = PBXFileReference; includeInIndex = 1; lastKnownFileType = text.xcconfig; name = "Pods-Snap!.release.xcconfig"; path = "Pods/Target Support Files/Pods-Snap!/Pods-Snap!.release.xcconfig"; sourceTree = "<group>"; };
/* End PBXFileReference section */

/* Begin PBXFrameworksBuildPhase section */
		AC2FF22A1EBD375D003FED72 /* Frameworks */ = {
			isa = PBXFrameworksBuildPhase;
			buildActionMask = 2147483647;
			files = (
				918FAC3E259EEAC2797531F0 /* Pods_Snap_.framework in Frameworks */,
			);
			runOnlyForDeploymentPostprocessing = 0;
		};
/* End PBXFrameworksBuildPhase section */

/* Begin PBXGroup section */
		757779257791F189BCF57CDB /* Frameworks */ = {
			isa = PBXGroup;
			children = (
				AECBD8354A52E9EF94482365 /* Pods_Snap_.framework */,
			);
			name = Frameworks;
			sourceTree = "<group>";
		};
		AC01FBEA1EC781790096659A /* ViewControllers */ = {
			isa = PBXGroup;
			children = (
				AC2FF2321EBD375D003FED72 /* SignInViewController.swift */,
				AC2FF24B1EBD74C3003FED72 /* SnapsViewController.swift */,
				AC2FF24D1EBD7A72003FED72 /* PictureViewController.swift */,
				AC2FF2511EC03F46003FED72 /* SelectUserViewController.swift */,
				AC18C6291ED0C9F400D39ACF /* ViewSnapViewController.swift */,
			);
			name = ViewControllers;
			sourceTree = "<group>";
		};
		AC01FBEB1EC781B00096659A /* Models */ = {
			isa = PBXGroup;
			children = (
				AC01FBE81EC781530096659A /* User.swift */,
				ACB224F21ECA791A00201DBD /* Snap.swift */,
			);
			name = Models;
			sourceTree = "<group>";
		};
		AC2FF2241EBD375D003FED72 = {
			isa = PBXGroup;
			children = (
				AC2FF22F1EBD375D003FED72 /* Snap! */,
				AC2FF22E1EBD375D003FED72 /* Products */,
				CC703E8BC57606FA0A9C5CE5 /* Pods */,
				757779257791F189BCF57CDB /* Frameworks */,
			);
			sourceTree = "<group>";
		};
		AC2FF22E1EBD375D003FED72 /* Products */ = {
			isa = PBXGroup;
			children = (
				AC2FF22D1EBD375D003FED72 /* Snap!.app */,
			);
			name = Products;
			sourceTree = "<group>";
		};
		AC2FF22F1EBD375D003FED72 /* Snap! */ = {
			isa = PBXGroup;
			children = (
				AC01FBEA1EC781790096659A /* ViewControllers */,
				AC01FBEB1EC781B00096659A /* Models */,
				AC2FF2341EBD375D003FED72 /* Main.storyboard */,
				AC2FF2441EBD5AE7003FED72 /* Snap!.entitlements */,
				AC2FF24F1EBD7E6C003FED72 /* Screen Shot 2017-03-18 at 3.08.30 PM.png */,
				AC2FF2301EBD375D003FED72 /* AppDelegate.swift */,
				AC2FF2371EBD375D003FED72 /* Assets.xcassets */,
				AC2FF2391EBD375D003FED72 /* LaunchScreen.storyboard */,
				AC2FF23C1EBD375D003FED72 /* Info.plist */,
				AC2FF2491EBD6CCD003FED72 /* GoogleService-Info.plist */,
			);
			path = "Snap!";
			sourceTree = "<group>";
		};
		CC703E8BC57606FA0A9C5CE5 /* Pods */ = {
			isa = PBXGroup;
			children = (
				9B0988363E8F8497DA38F12D /* Pods-Snap!.debug.xcconfig */,
				EF91A6C991A2AB1A5A9730A3 /* Pods-Snap!.release.xcconfig */,
			);
			name = Pods;
			sourceTree = "<group>";
		};
/* End PBXGroup section */

/* Begin PBXNativeTarget section */
		AC2FF22C1EBD375D003FED72 /* Snap! */ = {
			isa = PBXNativeTarget;
			buildConfigurationList = AC2FF23F1EBD375D003FED72 /* Build configuration list for PBXNativeTarget "Snap!" */;
			buildPhases = (
				657C92325376F99689CA215A /* [CP] Check Pods Manifest.lock */,
				AC2FF2291EBD375D003FED72 /* Sources */,
				AC2FF22A1EBD375D003FED72 /* Frameworks */,
				AC2FF22B1EBD375D003FED72 /* Resources */,
				81E216731E0E993DBDC47960 /* [CP] Embed Pods Frameworks */,
				655DCCD480B8E710CDBEB7E2 /* [CP] Copy Pods Resources */,
			);
			buildRules = (
			);
			dependencies = (
			);
			name = "Snap!";
			productName = "Snap!";
			productReference = AC2FF22D1EBD375D003FED72 /* Snap!.app */;
			productType = "com.apple.product-type.application";
		};
/* End PBXNativeTarget section */

/* Begin PBXProject section */
		AC2FF2251EBD375D003FED72 /* Project object */ = {
			isa = PBXProject;
			attributes = {
				LastSwiftUpdateCheck = 0830;
				LastUpgradeCheck = 0830;
				ORGANIZATIONNAME = "Bradley Stovall";
				TargetAttributes = {
					AC2FF22C1EBD375D003FED72 = {
						CreatedOnToolsVersion = 8.3.2;
						DevelopmentTeam = JGYXSDX8NM;
						ProvisioningStyle = Automatic;
						SystemCapabilities = {
							com.apple.Keychain = {
								enabled = 1;
							};
						};
					};
				};
			};
			buildConfigurationList = AC2FF2281EBD375D003FED72 /* Build configuration list for PBXProject "Snap!" */;
			compatibilityVersion = "Xcode 3.2";
			developmentRegion = English;
			hasScannedForEncodings = 0;
			knownRegions = (
				en,
				Base,
			);
			mainGroup = AC2FF2241EBD375D003FED72;
			productRefGroup = AC2FF22E1EBD375D003FED72 /* Products */;
			projectDirPath = "";
			projectRoot = "";
			targets = (
				AC2FF22C1EBD375D003FED72 /* Snap! */,
			);
		};
/* End PBXProject section */

/* Begin PBXResourcesBuildPhase section */
		AC2FF22B1EBD375D003FED72 /* Resources */ = {
			isa = PBXResourcesBuildPhase;
			buildActionMask = 2147483647;
			files = (
				AC2FF23B1EBD375D003FED72 /* LaunchScreen.storyboard in Resources */,
				AC2FF24A1EBD6CCD003FED72 /* GoogleService-Info.plist in Resources */,
				AC2FF2381EBD375D003FED72 /* Assets.xcassets in Resources */,
				AC2FF2361EBD375D003FED72 /* Main.storyboard in Resources */,
				AC2FF2501EBD7E6C003FED72 /* Screen Shot 2017-03-18 at 3.08.30 PM.png in Resources */,
			);
			runOnlyForDeploymentPostprocessing = 0;
		};
/* End PBXResourcesBuildPhase section */

/* Begin PBXShellScriptBuildPhase section */
		655DCCD480B8E710CDBEB7E2 /* [CP] Copy Pods Resources */ = {
			isa = PBXShellScriptBuildPhase;
			buildActionMask = 2147483647;
			files = (
			);
			inputPaths = (
			);
			name = "[CP] Copy Pods Resources";
			outputPaths = (
			);
			runOnlyForDeploymentPostprocessing = 0;
			shellPath = /bin/sh;
			shellScript = "\"${SRCROOT}/Pods/Target Support Files/Pods-Snap!/Pods-Snap!-resources.sh\"\n";
			showEnvVarsInLog = 0;
		};
		657C92325376F99689CA215A /* [CP] Check Pods Manifest.lock */ = {
			isa = PBXShellScriptBuildPhase;
			buildActionMask = 2147483647;
			files = (
			);
			inputPaths = (
			);
			name = "[CP] Check Pods Manifest.lock";
			outputPaths = (
			);
			runOnlyForDeploymentPostprocessing = 0;
			shellPath = /bin/sh;
			shellScript = "diff \"${PODS_PODFILE_DIR_PATH}/Podfile.lock\" \"${PODS_ROOT}/Manifest.lock\" > /dev/null\nif [ $? != 0 ] ; then\n    # print error to STDERR\n    echo \"error: The sandbox is not in sync with the Podfile.lock. Run 'pod install' or update your CocoaPods installation.\" >&2\n    exit 1\nfi\n";
			showEnvVarsInLog = 0;
		};
		81E216731E0E993DBDC47960 /* [CP] Embed Pods Frameworks */ = {
			isa = PBXShellScriptBuildPhase;
			buildActionMask = 2147483647;
			files = (
			);
			inputPaths = (
			);
			name = "[CP] Embed Pods Frameworks";
			outputPaths = (
			);
			runOnlyForDeploymentPostprocessing = 0;
			shellPath = /bin/sh;
			shellScript = "\"${SRCROOT}/Pods/Target Support Files/Pods-Snap!/Pods-Snap!-frameworks.sh\"\n";
			showEnvVarsInLog = 0;
		};
/* End PBXShellScriptBuildPhase section */

/* Begin PBXSourcesBuildPhase section */
		AC2FF2291EBD375D003FED72 /* Sources */ = {
			isa = PBXSourcesBuildPhase;
			buildActionMask = 2147483647;
			files = (
				AC2FF2331EBD375D003FED72 /* SignInViewController.swift in Sources */,
				AC2FF24E1EBD7A72003FED72 /* PictureViewController.swift in Sources */,
				AC01FBE91EC781530096659A /* User.swift in Sources */,
				AC18C62A1ED0C9F400D39ACF /* ViewSnapViewController.swift in Sources */,
				AC2FF2521EC03F46003FED72 /* SelectUserViewController.swift in Sources */,
				ACB224F31ECA791A00201DBD /* Snap.swift in Sources */,
				AC2FF2311EBD375D003FED72 /* AppDelegate.swift in Sources */,
				AC2FF24C1EBD74C3003FED72 /* SnapsViewController.swift in Sources */,
			);
			runOnlyForDeploymentPostprocessing = 0;
		};
/* End PBXSourcesBuildPhase section */

/* Begin PBXVariantGroup section */
		AC2FF2341EBD375D003FED72 /* Main.storyboard */ = {
			isa = PBXVariantGroup;
			children = (
				AC2FF2351EBD375D003FED72 /* Base */,
			);
			name = Main.storyboard;
			sourceTree = "<group>";
		};
		AC2FF2391EBD375D003FED72 /* LaunchScreen.storyboard */ = {
			isa = PBXVariantGroup;
			children = (
				AC2FF23A1EBD375D003FED72 /* Base */,
			);
			name = LaunchScreen.storyboard;
			sourceTree = "<group>";
		};
/* End PBXVariantGroup section */

/* Begin XCBuildConfiguration section */
		AC2FF23D1EBD375D003FED72 /* Debug */ = {
			isa = XCBuildConfiguration;
			buildSettings = {
				ALWAYS_SEARCH_USER_PATHS = NO;
				CLANG_ANALYZER_NONNULL = YES;
				CLANG_ANALYZER_NUMBER_OBJECT_CONVERSION = YES_AGGRESSIVE;
				CLANG_CXX_LANGUAGE_STANDARD = "gnu++0x";
				CLANG_CXX_LIBRARY = "libc++";
				CLANG_ENABLE_MODULES = YES;
				CLANG_ENABLE_OBJC_ARC = YES;
				CLANG_WARN_BOOL_CONVERSION = YES;
				CLANG_WARN_CONSTANT_CONVERSION = YES;
				CLANG_WARN_DIRECT_OBJC_ISA_USAGE = YES_ERROR;
				CLANG_WARN_DOCUMENTATION_COMMENTS = YES;
				CLANG_WARN_EMPTY_BODY = YES;
				CLANG_WARN_ENUM_CONVERSION = YES;
				CLANG_WARN_INFINITE_RECURSION = YES;
				CLANG_WARN_INT_CONVERSION = YES;
				CLANG_WARN_OBJC_ROOT_CLASS = YES_ERROR;
				CLANG_WARN_SUSPICIOUS_MOVE = YES;
				CLANG_WARN_UNREACHABLE_CODE = YES;
				CLANG_WARN__DUPLICATE_METHOD_MATCH = YES;
				"CODE_SIGN_IDENTITY[sdk=iphoneos*]" = "iPhone Developer";
				COPY_PHASE_STRIP = NO;
				DEBUG_INFORMATION_FORMAT = dwarf;
				ENABLE_STRICT_OBJC_MSGSEND = YES;
				ENABLE_TESTABILITY = YES;
				GCC_C_LANGUAGE_STANDARD = gnu99;
				GCC_DYNAMIC_NO_PIC = NO;
				GCC_NO_COMMON_BLOCKS = YES;
				GCC_OPTIMIZATION_LEVEL = 0;
				GCC_PREPROCESSOR_DEFINITIONS = (
					"DEBUG=1",
					"$(inherited)",
				);
				GCC_WARN_64_TO_32_BIT_CONVERSION = YES;
				GCC_WARN_ABOUT_RETURN_TYPE = YES_ERROR;
				GCC_WARN_UNDECLARED_SELECTOR = YES;
				GCC_WARN_UNINITIALIZED_AUTOS = YES_AGGRESSIVE;
				GCC_WARN_UNUSED_FUNCTION = YES;
				GCC_WARN_UNUSED_VARIABLE = YES;
				IPHONEOS_DEPLOYMENT_TARGET = 10.3;
				MTL_ENABLE_DEBUG_INFO = YES;
				ONLY_ACTIVE_ARCH = YES;
				SDKROOT = iphoneos;
				SWIFT_ACTIVE_COMPILATION_CONDITIONS = DEBUG;
				SWIFT_OPTIMIZATION_LEVEL = "-Onone";
				TARGETED_DEVICE_FAMILY = "1,2";
			};
			name = Debug;
		};
		AC2FF23E1EBD375D003FED72 /* Release */ = {
			isa = XCBuildConfiguration;
			buildSettings = {
				ALWAYS_SEARCH_USER_PATHS = NO;
				CLANG_ANALYZER_NONNULL = YES;
				CLANG_ANALYZER_NUMBER_OBJECT_CONVERSION = YES_AGGRESSIVE;
				CLANG_CXX_LANGUAGE_STANDARD = "gnu++0x";
				CLANG_CXX_LIBRARY = "libc++";
				CLANG_ENABLE_MODULES = YES;
				CLANG_ENABLE_OBJC_ARC = YES;
				CLANG_WARN_BOOL_CONVERSION = YES;
				CLANG_WARN_CONSTANT_CONVERSION = YES;
				CLANG_WARN_DIRECT_OBJC_ISA_USAGE = YES_ERROR;
				CLANG_WARN_DOCUMENTATION_COMMENTS = YES;
				CLANG_WARN_EMPTY_BODY = YES;
				CLANG_WARN_ENUM_CONVERSION = YES;
				CLANG_WARN_INFINITE_RECURSION = YES;
				CLANG_WARN_INT_CONVERSION = YES;
				CLANG_WARN_OBJC_ROOT_CLASS = YES_ERROR;
				CLANG_WARN_SUSPICIOUS_MOVE = YES;
				CLANG_WARN_UNREACHABLE_CODE = YES;
				CLANG_WARN__DUPLICATE_METHOD_MATCH = YES;
				"CODE_SIGN_IDENTITY[sdk=iphoneos*]" = "iPhone Developer";
				COPY_PHASE_STRIP = NO;
				DEBUG_INFORMATION_FORMAT = "dwarf-with-dsym";
				ENABLE_NS_ASSERTIONS = NO;
				ENABLE_STRICT_OBJC_MSGSEND = YES;
				GCC_C_LANGUAGE_STANDARD = gnu99;
				GCC_NO_COMMON_BLOCKS = YES;
				GCC_WARN_64_TO_32_BIT_CONVERSION = YES;
				GCC_WARN_ABOUT_RETURN_TYPE = YES_ERROR;
				GCC_WARN_UNDECLARED_SELECTOR = YES;
				GCC_WARN_UNINITIALIZED_AUTOS = YES_AGGRESSIVE;
				GCC_WARN_UNUSED_FUNCTION = YES;
				GCC_WARN_UNUSED_VARIABLE = YES;
				IPHONEOS_DEPLOYMENT_TARGET = 10.3;
				MTL_ENABLE_DEBUG_INFO = NO;
				SDKROOT = iphoneos;
				SWIFT_OPTIMIZATION_LEVEL = "-Owholemodule";
				TARGETED_DEVICE_FAMILY = "1,2";
				VALIDATE_PRODUCT = YES;
			};
			name = Release;
		};
		AC2FF2401EBD375D003FED72 /* Debug */ = {
			isa = XCBuildConfiguration;
			baseConfigurationReference = 9B0988363E8F8497DA38F12D /* Pods-Snap!.debug.xcconfig */;
			buildSettings = {
				ASSETCATALOG_COMPILER_APPICON_NAME = AppIcon;
				CODE_SIGN_ENTITLEMENTS = "Snap!/Snap!.entitlements";
				DEVELOPMENT_TEAM = JGYXSDX8NM;
				INFOPLIST_FILE = "Snap!/Info.plist";
				LD_RUNPATH_SEARCH_PATHS = "$(inherited) @executable_path/Frameworks";
				PRODUCT_BUNDLE_IDENTIFIER = "com.bright-avenue.Snap-";
				PRODUCT_NAME = "$(TARGET_NAME)";
				SWIFT_VERSION = 3.0;
			};
			name = Debug;
		};
		AC2FF2411EBD375D003FED72 /* Release */ = {
			isa = XCBuildConfiguration;
			baseConfigurationReference = EF91A6C991A2AB1A5A9730A3 /* Pods-Snap!.release.xcconfig */;
			buildSettings = {
				ASSETCATALOG_COMPILER_APPICON_NAME = AppIcon;
				CODE_SIGN_ENTITLEMENTS = "Snap!/Snap!.entitlements";
				DEVELOPMENT_TEAM = JGYXSDX8NM;
				INFOPLIST_FILE = "Snap!/Info.plist";
				LD_RUNPATH_SEARCH_PATHS = "$(inherited) @executable_path/Frameworks";
				PRODUCT_BUNDLE_IDENTIFIER = "com.bright-avenue.Snap-";
				PRODUCT_NAME = "$(TARGET_NAME)";
				SWIFT_VERSION = 3.0;
			};
			name = Release;
		};
/* End XCBuildConfiguration section */

/* Begin XCConfigurationList section */
		AC2FF2281EBD375D003FED72 /* Build configuration list for PBXProject "Snap!" */ = {
			isa = XCConfigurationList;
			buildConfigurations = (
				AC2FF23D1EBD375D003FED72 /* Debug */,
				AC2FF23E1EBD375D003FED72 /* Release */,
			);
			defaultConfigurationIsVisible = 0;
			defaultConfigurationName = Release;
		};
		AC2FF23F1EBD375D003FED72 /* Build configuration list for PBXNativeTarget "Snap!" */ = {
			isa = XCConfigurationList;
			buildConfigurations = (
				AC2FF2401EBD375D003FED72 /* Debug */,
				AC2FF2411EBD375D003FED72 /* Release */,
			);
			defaultConfigurationIsVisible = 0;
			defaultConfigurationName = Release;
		};
/* End XCConfigurationList section */
	};
	rootObject = AC2FF2251EBD375D003FED72 /* Project object */;
}
